// !$*UTF8*$!
{
	archiveVersion = 1;
	classes = {
	};
	objectVersion = 46;
	objects = {

/* Begin PBXBuildFile section */
		940220E41C419FF100DD6635 /* MapKit.framework in Frameworks */ = {isa = PBXBuildFile; fileRef = 940220E31C419FF100DD6635 /* MapKit.framework */; };
		948398681C405EF60007172F /* AppDelegate.swift in Sources */ = {isa = PBXBuildFile; fileRef = 948398671C405EF60007172F /* AppDelegate.swift */; };
		9483986A1C405EF60007172F /* ViewController.swift in Sources */ = {isa = PBXBuildFile; fileRef = 948398691C405EF60007172F /* ViewController.swift */; };
		9483986D1C405EF60007172F /* Main.storyboard in Resources */ = {isa = PBXBuildFile; fileRef = 9483986B1C405EF60007172F /* Main.storyboard */; };
		9483986F1C405EF60007172F /* Assets.xcassets in Resources */ = {isa = PBXBuildFile; fileRef = 9483986E1C405EF60007172F /* Assets.xcassets */; };
		948398721C405EF60007172F /* LaunchScreen.storyboard in Resources */ = {isa = PBXBuildFile; fileRef = 948398701C405EF60007172F /* LaunchScreen.storyboard */; };
/* End PBXBuildFile section */

/* Begin PBXFileReference section */
		940220E31C419FF100DD6635 /* MapKit.framework */ = {isa = PBXFileReference; lastKnownFileType = wrapper.framework; name = MapKit.framework; path = System/Library/Frameworks/MapKit.framework; sourceTree = SDKROOT; };
		948398641C405EF60007172F /* MapKitTutorial.app */ = {isa = PBXFileReference; explicitFileType = wrapper.application; includeInIndex = 0; path = MapKitTutorial.app; sourceTree = BUILT_PRODUCTS_DIR; };
		948398671C405EF60007172F /* AppDelegate.swift */ = {isa = PBXFileReference; lastKnownFileType = sourcecode.swift; path = AppDelegate.swift; sourceTree = "<group>"; };
		948398691C405EF60007172F /* ViewController.swift */ = {isa = PBXFileReference; lastKnownFileType = sourcecode.swift; path = ViewController.swift; sourceTree = "<group>"; };
		9483986C1C405EF60007172F /* Base */ = {isa = PBXFileReference; lastKnownFileType = file.storyboard; name = Base; path = Base.lproj/Main.storyboard; sourceTree = "<group>"; };
		9483986E1C405EF60007172F /* Assets.xcassets */ = {isa = PBXFileReference; lastKnownFileType = folder.assetcatalog; path = Assets.xcassets; sourceTree = "<group>"; };
		948398711C405EF60007172F /* Base */ = {isa = PBXFileReference; lastKnownFileType = file.storyboard; name = Base; path = Base.lproj/LaunchScreen.storyboard; sourceTree = "<group>"; };
		948398731C405EF60007172F /* Info.plist */ = {isa = PBXFileReference; lastKnownFileType = text.plist.xml; path = Info.plist; sourceTree = "<group>"; };
/* End PBXFileReference section */

/* Begin PBXFrameworksBuildPhase section */
		948398611C405EF60007172F /* Frameworks */ = {
			isa = PBXFrameworksBuildPhase;
			buildActionMask = 2147483647;
			files = (
				940220E41C419FF100DD6635 /* MapKit.framework in Frameworks */,
			);
			runOnlyForDeploymentPostprocessing = 0;
		};
/* End PBXFrameworksBuildPhase section */

/* Begin PBXGroup section */
		9483985B1C405EF60007172F = {
			isa = PBXGroup;
			children = (
				948398661C405EF60007172F /* MapKitTutorial */,
				948398651C405EF60007172F /* Products */,
			);
			sourceTree = "<group>";
		};
		948398651C405EF60007172F /* Products */ = {
			isa = PBXGroup;
			children = (
				948398641C405EF60007172F /* MapKitTutorial.app */,
			);
			name = Products;
			sourceTree = "<group>";
		};
		948398661C405EF60007172F /* MapKitTutorial */ = {
			isa = PBXGroup;
			children = (
				94F2F0481C4BB30B00BAB5FA /* Sources */,
				94F2F0491C4BB31100BAB5FA /* UI */,
				94F2F04A1C4BB31700BAB5FA /* Supporting Files */,
				94F2F0471C4BB2FF00BAB5FA /* Frameworks */,
			);
			path = MapKitTutorial;
			sourceTree = "<group>";
		};
		94F2F0471C4BB2FF00BAB5FA /* Frameworks */ = {
			isa = PBXGroup;
			children = (
				940220E31C419FF100DD6635 /* MapKit.framework */,
			);
			name = Frameworks;
			sourceTree = "<group>";
		};
		94F2F0481C4BB30B00BAB5FA /* Sources */ = {
			isa = PBXGroup;
			children = (
				948398671C405EF60007172F /* AppDelegate.swift */,
				948398691C405EF60007172F /* ViewController.swift */,
			);
			name = Sources;
			sourceTree = "<group>";
		};
		94F2F0491C4BB31100BAB5FA /* UI */ = {
			isa = PBXGroup;
			children = (
				9483986B1C405EF60007172F /* Main.storyboard */,
				948398701C405EF60007172F /* LaunchScreen.storyboard */,
			);
			name = UI;
			sourceTree = "<group>";
		};
		94F2F04A1C4BB31700BAB5FA /* Supporting Files */ = {
			isa = PBXGroup;
			children = (
				9483986E1C405EF60007172F /* Assets.xcassets */,
				948398731C405EF60007172F /* Info.plist */,
			);
			name = "Supporting Files";
			sourceTree = "<group>";
		};
/* End PBXGroup section */

/* Begin PBXNativeTarget section */
		948398631C405EF60007172F /* MapKitTutorial */ = {
			isa = PBXNativeTarget;
			buildConfigurationList = 948398761C405EF60007172F /* Build configuration list for PBXNativeTarget "MapKitTutorial" */;
			buildPhases = (
				948398601C405EF60007172F /* Sources */,
				948398611C405EF60007172F /* Frameworks */,
				948398621C405EF60007172F /* Resources */,
			);
			buildRules = (
			);
			dependencies = (
			);
			name = MapKitTutorial;
			productName = MapKitTutorial;
			productReference = 948398641C405EF60007172F /* MapKitTutorial.app */;
			productType = "com.apple.product-type.application";
		};
/* End PBXNativeTarget section */

/* Begin PBXProject section */
		9483985C1C405EF60007172F /* Project object */ = {
			isa = PBXProject;
			attributes = {
				LastSwiftUpdateCheck = 0720;
				LastUpgradeCheck = 1000;
				ORGANIZATIONNAME = "Maxim Bilan";
				TargetAttributes = {
					948398631C405EF60007172F = {
						CreatedOnToolsVersion = 7.2;
						LastSwiftMigration = 1000;
					};
				};
			};
			buildConfigurationList = 9483985F1C405EF60007172F /* Build configuration list for PBXProject "MapKitTutorial" */;
			compatibilityVersion = "Xcode 3.2";
			developmentRegion = English;
			hasScannedForEncodings = 0;
			knownRegions = (
				en,
				Base,
			);
			mainGroup = 9483985B1C405EF60007172F;
			productRefGroup = 948398651C405EF60007172F /* Products */;
			projectDirPath = "";
			projectRoot = "";
			targets = (
				948398631C405EF60007172F /* MapKitTutorial */,
			);
		};
/* End PBXProject section */

/* Begin PBXResourcesBuildPhase section */
		948398621C405EF60007172F /* Resources */ = {
			isa = PBXResourcesBuildPhase;
			buildActionMask = 2147483647;
			files = (
				948398721C405EF60007172F /* LaunchScreen.storyboard in Resources */,
				9483986F1C405EF60007172F /* Assets.xcassets in Resources */,
				9483986D1C405EF60007172F /* Main.storyboard in Resources */,
			);
			runOnlyForDeploymentPostprocessing = 0;
		};
/* End PBXResourcesBuildPhase section */

/* Begin PBXSourcesBuildPhase section */
		948398601C405EF60007172F /* Sources */ = {
			isa = PBXSourcesBuildPhase;
			buildActionMask = 2147483647;
			files = (
				9483986A1C405EF60007172F /* ViewController.swift in Sources */,
				948398681C405EF60007172F /* AppDelegate.swift in Sources */,
			);
			runOnlyForDeploymentPostprocessing = 0;
		};
/* End PBXSourcesBuildPhase section */

/* Begin PBXVariantGroup section */
		9483986B1C405EF60007172F /* Main.storyboard */ = {
			isa = PBXVariantGroup;
			children = (
				9483986C1C405EF60007172F /* Base */,
			);
			name = Main.storyboard;
			sourceTree = "<group>";
		};
		948398701C405EF60007172F /* LaunchScreen.storyboard */ = {
			isa = PBXVariantGroup;
			children = (
				948398711C405EF60007172F /* Base */,
			);
			name = LaunchScreen.storyboard;
			sourceTree = "<group>";
		};
/* End PBXVariantGroup section */

/* Begin XCBuildConfiguration section */
		948398741C405EF60007172F /* Debug */ = {
			isa = XCBuildConfiguration;
			buildSettings = {
				ALWAYS_SEARCH_USER_PATHS = NO;
				CLANG_CXX_LANGUAGE_STANDARD = "gnu++0x";
				CLANG_CXX_LIBRARY = "libc++";
				CLANG_ENABLE_MODULES = YES;
				CLANG_ENABLE_OBJC_ARC = YES;
				CLANG_WARN_BLOCK_CAPTURE_AUTORELEASING = YES;
				CLANG_WARN_BOOL_CONVERSION = YES;
				CLANG_WARN_COMMA = YES;
				CLANG_WARN_CONSTANT_CONVERSION = YES;
				CLANG_WARN_DEPRECATED_OBJC_IMPLEMENTATIONS = YES;
				CLANG_WARN_DIRECT_OBJC_ISA_USAGE = YES_ERROR;
				CLANG_WARN_EMPTY_BODY = YES;
				CLANG_WARN_ENUM_CONVERSION = YES;
				CLANG_WARN_INFINITE_RECURSION = YES;
				CLANG_WARN_INT_CONVERSION = YES;
				CLANG_WARN_NON_LITERAL_NULL_CONVERSION = YES;
				CLANG_WARN_OBJC_IMPLICIT_RETAIN_SELF = YES;
				CLANG_WARN_OBJC_LITERAL_CONVERSION = YES;
				CLANG_WARN_OBJC_ROOT_CLASS = YES_ERROR;
				CLANG_WARN_RANGE_LOOP_ANALYSIS = YES;
				CLANG_WARN_STRICT_PROTOTYPES = YES;
				CLANG_WARN_SUSPICIOUS_MOVE = YES;
				CLANG_WARN_UNREACHABLE_CODE = YES;
				CLANG_WARN__DUPLICATE_METHOD_MATCH = YES;
				"CODE_SIGN_IDENTITY[sdk=iphoneos*]" = "iPhone Developer";
				COPY_PHASE_STRIP = NO;
				DEBUG_INFORMATION_FORMAT = dwarf;
				ENABLE_STRICT_OBJC_MSGSEND = YES;
				ENABLE_TESTABILITY = YES;
				GCC_C_LANGUAGE_STANDARD = gnu99;
				GCC_DYNAMIC_NO_PIC = NO;
				GCC_NO_COMMON_BLOCKS = YES;
				GCC_OPTIMIZATION_LEVEL = 0;
				GCC_PREPROCESSOR_DEFINITIONS = (
					"DEBUG=1",
					"$(inherited)",
				);
				GCC_WARN_64_TO_32_BIT_CONVERSION = YES;
				GCC_WARN_ABOUT_RETURN_TYPE = YES_ERROR;
				GCC_WARN_UNDECLARED_SELECTOR = YES;
				GCC_WARN_UNINITIALIZED_AUTOS = YES_AGGRESSIVE;
				GCC_WARN_UNUSED_FUNCTION = YES;
				GCC_WARN_UNUSED_VARIABLE = YES;
				IPHONEOS_DEPLOYMENT_TARGET = 8.0;
				MTL_ENABLE_DEBUG_INFO = YES;
				ONLY_ACTIVE_ARCH = YES;
				SDKROOT = iphoneos;
				SWIFT_OPTIMIZATION_LEVEL = "-Onone";
				TARGETED_DEVICE_FAMILY = "1,2";
			};
			name = Debug;
		};
		948398751C405EF60007172F /* Release */ = {
			isa = XCBuildConfiguration;
			buildSettings = {
				ALWAYS_SEARCH_USER_PATHS = NO;
				CLANG_CXX_LANGUAGE_STANDARD = "gnu++0x";
				CLANG_CXX_LIBRARY = "libc++";
				CLANG_ENABLE_MODULES = YES;
				CLANG_ENABLE_OBJC_ARC = YES;
				CLANG_WARN_BLOCK_CAPTURE_AUTORELEASING = YES;
				CLANG_WARN_BOOL_CONVERSION = YES;
				CLANG_WARN_COMMA = YES;
				CLANG_WARN_CONSTANT_CONVERSION = YES;
				CLANG_WARN_DEPRECATED_OBJC_IMPLEMENTATIONS = YES;
				CLANG_WARN_DIRECT_OBJC_ISA_USAGE = YES_ERROR;
				CLANG_WARN_EMPTY_BODY = YES;
				CLANG_WARN_ENUM_CONVERSION = YES;
				CLANG_WARN_INFINITE_RECURSION = YES;
				CLANG_WARN_INT_CONVERSION = YES;
				CLANG_WARN_NON_LITERAL_NULL_CONVERSION = YES;
				CLANG_WARN_OBJC_IMPLICIT_RETAIN_SELF = YES;
				CLANG_WARN_OBJC_LITERAL_CONVERSION = YES;
				CLANG_WARN_OBJC_ROOT_CLASS = YES_ERROR;
				CLANG_WARN_RANGE_LOOP_ANALYSIS = YES;
				CLANG_WARN_STRICT_PROTOTYPES = YES;
				CLANG_WARN_SUSPICIOUS_MOVE = YES;
				CLANG_WARN_UNREACHABLE_CODE = YES;
				CLANG_WARN__DUPLICATE_METHOD_MATCH = YES;
				"CODE_SIGN_IDENTITY[sdk=iphoneos*]" = "iPhone Developer";
				COPY_PHASE_STRIP = NO;
				DEBUG_INFORMATION_FORMAT = "dwarf-with-dsym";
				ENABLE_NS_ASSERTIONS = NO;
				ENABLE_STRICT_OBJC_MSGSEND = YES;
				GCC_C_LANGUAGE_STANDARD = gnu99;
				GCC_NO_COMMON_BLOCKS = YES;
				GCC_WARN_64_TO_32_BIT_CONVERSION = YES;
				GCC_WARN_ABOUT_RETURN_TYPE = YES_ERROR;
				GCC_WARN_UNDECLARED_SELECTOR = YES;
				GCC_WARN_UNINITIALIZED_AUTOS = YES_AGGRESSIVE;
				GCC_WARN_UNUSED_FUNCTION = YES;
				GCC_WARN_UNUSED_VARIABLE = YES;
				IPHONEOS_DEPLOYMENT_TARGET = 8.0;
				MTL_ENABLE_DEBUG_INFO = NO;
				SDKROOT = iphoneos;
				SWIFT_OPTIMIZATION_LEVEL = "-Owholemodule";
				TARGETED_DEVICE_FAMILY = "1,2";
				VALIDATE_PRODUCT = YES;
			};
			name = Release;
		};
		948398771C405EF60007172F /* Debug */ = {
			isa = XCBuildConfiguration;
			buildSettings = {
				ASSETCATALOG_COMPILER_APPICON_NAME = AppIcon;
				INFOPLIST_FILE = MapKitTutorial/Info.plist;
				LD_RUNPATH_SEARCH_PATHS = "$(inherited) @executable_path/Frameworks";
				PRODUCT_BUNDLE_IDENTIFIER = com.maximbilan.MapKitTutorial;
				PRODUCT_NAME = "$(TARGET_NAME)";
				SWIFT_VERSION = 4.2;
			};
			name = Debug;
		};
		948398781C405EF60007172F /* Release */ = {
			isa = XCBuildConfiguration;
			buildSettings = {
				ASSETCATALOG_COMPILER_APPICON_NAME = AppIcon;
				INFOPLIST_FILE = MapKitTutorial/Info.plist;
				LD_RUNPATH_SEARCH_PATHS = "$(inherited) @executable_path/Frameworks";
				PRODUCT_BUNDLE_IDENTIFIER = com.maximbilan.MapKitTutorial;
				PRODUCT_NAME = "$(TARGET_NAME)";
				SWIFT_VERSION = 4.2;
			};
			name = Release;
		};
/* End XCBuildConfiguration section */

/* Begin XCConfigurationList section */
		9483985F1C405EF60007172F /* Build configuration list for PBXProject "MapKitTutorial" */ = {
			isa = XCConfigurationList;
			buildConfigurations = (
				948398741C405EF60007172F /* Debug */,
				948398751C405EF60007172F /* Release */,
			);
			defaultConfigurationIsVisible = 0;
			defaultConfigurationName = Release;
		};
		948398761C405EF60007172F /* Build configuration list for PBXNativeTarget "MapKitTutorial" */ = {
			isa = XCConfigurationList;
			buildConfigurations = (
				948398771C405EF60007172F /* Debug */,
				948398781C405EF60007172F /* Release */,
			);
			defaultConfigurationIsVisible = 0;
			defaultConfigurationName = Release;
		};
/* End XCConfigurationList section */
	};
	rootObject = 9483985C1C405EF60007172F /* Project object */;
}
